// !$*UTF8*$!
{
	archiveVersion = 1;
	classes = {
	};
	objectVersion = 55;
	objects = {

/* Begin PBXBuildFile section */
		8FCE72BB288E36E300882FE9 /* HdResult.swift in Sources */ = {isa = PBXBuildFile; fileRef = 8FCE72BA288E36E300882FE9 /* HdResult.swift */; };
		8FCE72BF2895455800882FE9 /* CameraView.swift in Sources */ = {isa = PBXBuildFile; fileRef = 8FCE72BE2895455800882FE9 /* CameraView.swift */; };
		8FCE72C32895717400882FE9 /* CameraModel.swift in Sources */ = {isa = PBXBuildFile; fileRef = 8FCE72C22895717400882FE9 /* CameraModel.swift */; };
		8FCE72C52895720C00882FE9 /* CameraService.swift in Sources */ = {isa = PBXBuildFile; fileRef = 8FCE72C42895720C00882FE9 /* CameraService.swift */; };
		8FCE72C728960BA700882FE9 /* Inceptionv3.mlmodel in Sources */ = {isa = PBXBuildFile; fileRef = 8FCE72C628960BA700882FE9 /* Inceptionv3.mlmodel */; };
		8FD4FE8A288C1C8E00B175B7 /* SeeFood_SwiftApp.swift in Sources */ = {isa = PBXBuildFile; fileRef = 8FD4FE89288C1C8E00B175B7 /* SeeFood_SwiftApp.swift */; };
		8FD4FE8C288C1C8E00B175B7 /* ContentView.swift in Sources */ = {isa = PBXBuildFile; fileRef = 8FD4FE8B288C1C8E00B175B7 /* ContentView.swift */; };
		8FD4FE8E288C1C8F00B175B7 /* Assets.xcassets in Resources */ = {isa = PBXBuildFile; fileRef = 8FD4FE8D288C1C8F00B175B7 /* Assets.xcassets */; };
		8FD4FE91288C1C8F00B175B7 /* Preview Assets.xcassets in Resources */ = {isa = PBXBuildFile; fileRef = 8FD4FE90288C1C8F00B175B7 /* Preview Assets.xcassets */; };
		8FD4FE9B288C1C8F00B175B7 /* SeeFood_SwiftTests.swift in Sources */ = {isa = PBXBuildFile; fileRef = 8FD4FE9A288C1C8F00B175B7 /* SeeFood_SwiftTests.swift */; };
		8FD4FEA5288C1C8F00B175B7 /* SeeFood_SwiftUITests.swift in Sources */ = {isa = PBXBuildFile; fileRef = 8FD4FEA4288C1C8F00B175B7 /* SeeFood_SwiftUITests.swift */; };
		8FD4FEA7288C1C8F00B175B7 /* SeeFood_SwiftUITestsLaunchTests.swift in Sources */ = {isa = PBXBuildFile; fileRef = 8FD4FEA6288C1C8F00B175B7 /* SeeFood_SwiftUITestsLaunchTests.swift */; };
		8FD4FEB4288C1CC900B175B7 /* HotDogClassificationController.swift in Sources */ = {isa = PBXBuildFile; fileRef = 8FD4FEB3288C1CC900B175B7 /* HotDogClassificationController.swift */; };
/* End PBXBuildFile section */

/* Begin PBXContainerItemProxy section */
		8FD4FE97288C1C8F00B175B7 /* PBXContainerItemProxy */ = {
			isa = PBXContainerItemProxy;
			containerPortal = 8FD4FE7E288C1C8E00B175B7 /* Project object */;
			proxyType = 1;
			remoteGlobalIDString = 8FD4FE85288C1C8E00B175B7;
			remoteInfo = "SeeFood-Swift";
		};
		8FD4FEA1288C1C8F00B175B7 /* PBXContainerItemProxy */ = {
			isa = PBXContainerItemProxy;
			containerPortal = 8FD4FE7E288C1C8E00B175B7 /* Project object */;
			proxyType = 1;
			remoteGlobalIDString = 8FD4FE85288C1C8E00B175B7;
			remoteInfo = "SeeFood-Swift";
		};
/* End PBXContainerItemProxy section */

/* Begin PBXFileReference section */
		8FCE72BA288E36E300882FE9 /* HdResult.swift */ = {isa = PBXFileReference; lastKnownFileType = sourcecode.swift; path = HdResult.swift; sourceTree = "<group>"; };
		8FCE72BE2895455800882FE9 /* CameraView.swift */ = {isa = PBXFileReference; lastKnownFileType = sourcecode.swift; path = CameraView.swift; sourceTree = "<group>"; };
		8FCE72C22895717400882FE9 /* CameraModel.swift */ = {isa = PBXFileReference; lastKnownFileType = sourcecode.swift; path = CameraModel.swift; sourceTree = "<group>"; };
		8FCE72C42895720C00882FE9 /* CameraService.swift */ = {isa = PBXFileReference; lastKnownFileType = sourcecode.swift; path = CameraService.swift; sourceTree = "<group>"; };
		8FCE72C628960BA700882FE9 /* Inceptionv3.mlmodel */ = {isa = PBXFileReference; lastKnownFileType = file.mlmodel; path = Inceptionv3.mlmodel; sourceTree = "<group>"; };
		8FD4FE86288C1C8E00B175B7 /* SeeFood-Swift.app */ = {isa = PBXFileReference; explicitFileType = wrapper.application; includeInIndex = 0; path = "SeeFood-Swift.app"; sourceTree = BUILT_PRODUCTS_DIR; };
		8FD4FE89288C1C8E00B175B7 /* SeeFood_SwiftApp.swift */ = {isa = PBXFileReference; lastKnownFileType = sourcecode.swift; path = SeeFood_SwiftApp.swift; sourceTree = "<group>"; };
		8FD4FE8B288C1C8E00B175B7 /* ContentView.swift */ = {isa = PBXFileReference; lastKnownFileType = sourcecode.swift; path = ContentView.swift; sourceTree = "<group>"; };
		8FD4FE8D288C1C8F00B175B7 /* Assets.xcassets */ = {isa = PBXFileReference; lastKnownFileType = folder.assetcatalog; path = Assets.xcassets; sourceTree = "<group>"; };
		8FD4FE90288C1C8F00B175B7 /* Preview Assets.xcassets */ = {isa = PBXFileReference; lastKnownFileType = folder.assetcatalog; path = "Preview Assets.xcassets"; sourceTree = "<group>"; };
		8FD4FE96288C1C8F00B175B7 /* SeeFood-SwiftTests.xctest */ = {isa = PBXFileReference; explicitFileType = wrapper.cfbundle; includeInIndex = 0; path = "SeeFood-SwiftTests.xctest"; sourceTree = BUILT_PRODUCTS_DIR; };
		8FD4FE9A288C1C8F00B175B7 /* SeeFood_SwiftTests.swift */ = {isa = PBXFileReference; lastKnownFileType = sourcecode.swift; path = SeeFood_SwiftTests.swift; sourceTree = "<group>"; };
		8FD4FEA0288C1C8F00B175B7 /* SeeFood-SwiftUITests.xctest */ = {isa = PBXFileReference; explicitFileType = wrapper.cfbundle; includeInIndex = 0; path = "SeeFood-SwiftUITests.xctest"; sourceTree = BUILT_PRODUCTS_DIR; };
		8FD4FEA4288C1C8F00B175B7 /* SeeFood_SwiftUITests.swift */ = {isa = PBXFileReference; lastKnownFileType = sourcecode.swift; path = SeeFood_SwiftUITests.swift; sourceTree = "<group>"; };
		8FD4FEA6288C1C8F00B175B7 /* SeeFood_SwiftUITestsLaunchTests.swift */ = {isa = PBXFileReference; lastKnownFileType = sourcecode.swift; path = SeeFood_SwiftUITestsLaunchTests.swift; sourceTree = "<group>"; };
		8FD4FEB3288C1CC900B175B7 /* HotDogClassificationController.swift */ = {isa = PBXFileReference; lastKnownFileType = sourcecode.swift; path = HotDogClassificationController.swift; sourceTree = "<group>"; };
/* End PBXFileReference section */

/* Begin PBXFrameworksBuildPhase section */
		8FD4FE83288C1C8E00B175B7 /* Frameworks */ = {
			isa = PBXFrameworksBuildPhase;
			buildActionMask = 2147483647;
			files = (
			);
			runOnlyForDeploymentPostprocessing = 0;
		};
		8FD4FE93288C1C8F00B175B7 /* Frameworks */ = {
			isa = PBXFrameworksBuildPhase;
			buildActionMask = 2147483647;
			files = (
			);
			runOnlyForDeploymentPostprocessing = 0;
		};
		8FD4FE9D288C1C8F00B175B7 /* Frameworks */ = {
			isa = PBXFrameworksBuildPhase;
			buildActionMask = 2147483647;
			files = (
			);
			runOnlyForDeploymentPostprocessing = 0;
		};
/* End PBXFrameworksBuildPhase section */

/* Begin PBXGroup section */
		8FCE72B9288E36C200882FE9 /* Views */ = {
			isa = PBXGroup;
			children = (
				8FCE72BA288E36E300882FE9 /* HdResult.swift */,
				8FCE72BE2895455800882FE9 /* CameraView.swift */,
			);
			path = Views;
			sourceTree = "<group>";
		};
		8FCE72C02895714700882FE9 /* Models */ = {
			isa = PBXGroup;
			children = (
				8FCE72C22895717400882FE9 /* CameraModel.swift */,
			);
			path = Models;
			sourceTree = "<group>";
		};
		8FCE72C12895715500882FE9 /* Controllers */ = {
			isa = PBXGroup;
			children = (
				8FD4FEB3288C1CC900B175B7 /* HotDogClassificationController.swift */,
				8FCE72C42895720C00882FE9 /* CameraService.swift */,
			);
			path = Controllers;
			sourceTree = "<group>";
		};
		8FD4FE7D288C1C8E00B175B7 = {
			isa = PBXGroup;
			children = (
				8FCE72C628960BA700882FE9 /* Inceptionv3.mlmodel */,
				8FD4FE88288C1C8E00B175B7 /* SeeFood-Swift */,
				8FD4FE99288C1C8F00B175B7 /* SeeFood-SwiftTests */,
				8FD4FEA3288C1C8F00B175B7 /* SeeFood-SwiftUITests */,
				8FD4FE87288C1C8E00B175B7 /* Products */,
			);
			sourceTree = "<group>";
		};
		8FD4FE87288C1C8E00B175B7 /* Products */ = {
			isa = PBXGroup;
			children = (
				8FD4FE86288C1C8E00B175B7 /* SeeFood-Swift.app */,
				8FD4FE96288C1C8F00B175B7 /* SeeFood-SwiftTests.xctest */,
				8FD4FEA0288C1C8F00B175B7 /* SeeFood-SwiftUITests.xctest */,
			);
			name = Products;
			sourceTree = "<group>";
		};
		8FD4FE88288C1C8E00B175B7 /* SeeFood-Swift */ = {
			isa = PBXGroup;
			children = (
				8FCE72C12895715500882FE9 /* Controllers */,
				8FCE72C02895714700882FE9 /* Models */,
				8FCE72B9288E36C200882FE9 /* Views */,
				8FD4FE89288C1C8E00B175B7 /* SeeFood_SwiftApp.swift */,
				8FD4FE8B288C1C8E00B175B7 /* ContentView.swift */,
				8FD4FE8D288C1C8F00B175B7 /* Assets.xcassets */,
				8FD4FE8F288C1C8F00B175B7 /* Preview Content */,
			);
			path = "SeeFood-Swift";
			sourceTree = "<group>";
		};
		8FD4FE8F288C1C8F00B175B7 /* Preview Content */ = {
			isa = PBXGroup;
			children = (
				8FD4FE90288C1C8F00B175B7 /* Preview Assets.xcassets */,
			);
			path = "Preview Content";
			sourceTree = "<group>";
		};
		8FD4FE99288C1C8F00B175B7 /* SeeFood-SwiftTests */ = {
			isa = PBXGroup;
			children = (
				8FD4FE9A288C1C8F00B175B7 /* SeeFood_SwiftTests.swift */,
			);
			path = "SeeFood-SwiftTests";
			sourceTree = "<group>";
		};
		8FD4FEA3288C1C8F00B175B7 /* SeeFood-SwiftUITests */ = {
			isa = PBXGroup;
			children = (
				8FD4FEA4288C1C8F00B175B7 /* SeeFood_SwiftUITests.swift */,
				8FD4FEA6288C1C8F00B175B7 /* SeeFood_SwiftUITestsLaunchTests.swift */,
			);
			path = "SeeFood-SwiftUITests";
			sourceTree = "<group>";
		};
/* End PBXGroup section */

/* Begin PBXNativeTarget section */
		8FD4FE85288C1C8E00B175B7 /* SeeFood-Swift */ = {
			isa = PBXNativeTarget;
			buildConfigurationList = 8FD4FEAA288C1C8F00B175B7 /* Build configuration list for PBXNativeTarget "SeeFood-Swift" */;
			buildPhases = (
				8FD4FE82288C1C8E00B175B7 /* Sources */,
				8FD4FE83288C1C8E00B175B7 /* Frameworks */,
				8FD4FE84288C1C8E00B175B7 /* Resources */,
			);
			buildRules = (
			);
			dependencies = (
			);
			name = "SeeFood-Swift";
			productName = "SeeFood-Swift";
			productReference = 8FD4FE86288C1C8E00B175B7 /* SeeFood-Swift.app */;
			productType = "com.apple.product-type.application";
		};
		8FD4FE95288C1C8F00B175B7 /* SeeFood-SwiftTests */ = {
			isa = PBXNativeTarget;
			buildConfigurationList = 8FD4FEAD288C1C8F00B175B7 /* Build configuration list for PBXNativeTarget "SeeFood-SwiftTests" */;
			buildPhases = (
				8FD4FE92288C1C8F00B175B7 /* Sources */,
				8FD4FE93288C1C8F00B175B7 /* Frameworks */,
				8FD4FE94288C1C8F00B175B7 /* Resources */,
			);
			buildRules = (
			);
			dependencies = (
				8FD4FE98288C1C8F00B175B7 /* PBXTargetDependency */,
			);
			name = "SeeFood-SwiftTests";
			productName = "SeeFood-SwiftTests";
			productReference = 8FD4FE96288C1C8F00B175B7 /* SeeFood-SwiftTests.xctest */;
			productType = "com.apple.product-type.bundle.unit-test";
		};
		8FD4FE9F288C1C8F00B175B7 /* SeeFood-SwiftUITests */ = {
			isa = PBXNativeTarget;
			buildConfigurationList = 8FD4FEB0288C1C8F00B175B7 /* Build configuration list for PBXNativeTarget "SeeFood-SwiftUITests" */;
			buildPhases = (
				8FD4FE9C288C1C8F00B175B7 /* Sources */,
				8FD4FE9D288C1C8F00B175B7 /* Frameworks */,
				8FD4FE9E288C1C8F00B175B7 /* Resources */,
			);
			buildRules = (
			);
			dependencies = (
				8FD4FEA2288C1C8F00B175B7 /* PBXTargetDependency */,
			);
			name = "SeeFood-SwiftUITests";
			productName = "SeeFood-SwiftUITests";
			productReference = 8FD4FEA0288C1C8F00B175B7 /* SeeFood-SwiftUITests.xctest */;
			productType = "com.apple.product-type.bundle.ui-testing";
		};
/* End PBXNativeTarget section */

/* Begin PBXProject section */
		8FD4FE7E288C1C8E00B175B7 /* Project object */ = {
			isa = PBXProject;
			attributes = {
				BuildIndependentTargetsInParallel = 1;
				LastSwiftUpdateCheck = 1340;
				LastUpgradeCheck = 1340;
				TargetAttributes = {
					8FD4FE85288C1C8E00B175B7 = {
						CreatedOnToolsVersion = 13.4.1;
					};
					8FD4FE95288C1C8F00B175B7 = {
						CreatedOnToolsVersion = 13.4.1;
						TestTargetID = 8FD4FE85288C1C8E00B175B7;
					};
					8FD4FE9F288C1C8F00B175B7 = {
						CreatedOnToolsVersion = 13.4.1;
						TestTargetID = 8FD4FE85288C1C8E00B175B7;
					};
				};
			};
			buildConfigurationList = 8FD4FE81288C1C8E00B175B7 /* Build configuration list for PBXProject "SeeFood-Swift" */;
			compatibilityVersion = "Xcode 13.0";
			developmentRegion = en;
			hasScannedForEncodings = 0;
			knownRegions = (
				en,
				Base,
			);
			mainGroup = 8FD4FE7D288C1C8E00B175B7;
			productRefGroup = 8FD4FE87288C1C8E00B175B7 /* Products */;
			projectDirPath = "";
			projectRoot = "";
			targets = (
				8FD4FE85288C1C8E00B175B7 /* SeeFood-Swift */,
				8FD4FE95288C1C8F00B175B7 /* SeeFood-SwiftTests */,
				8FD4FE9F288C1C8F00B175B7 /* SeeFood-SwiftUITests */,
			);
		};
/* End PBXProject section */

/* Begin PBXResourcesBuildPhase section */
		8FD4FE84288C1C8E00B175B7 /* Resources */ = {
			isa = PBXResourcesBuildPhase;
			buildActionMask = 2147483647;
			files = (
				8FD4FE91288C1C8F00B175B7 /* Preview Assets.xcassets in Resources */,
				8FD4FE8E288C1C8F00B175B7 /* Assets.xcassets in Resources */,
			);
			runOnlyForDeploymentPostprocessing = 0;
		};
		8FD4FE94288C1C8F00B175B7 /* Resources */ = {
			isa = PBXResourcesBuildPhase;
			buildActionMask = 2147483647;
			files = (
			);
			runOnlyForDeploymentPostprocessing = 0;
		};
		8FD4FE9E288C1C8F00B175B7 /* Resources */ = {
			isa = PBXResourcesBuildPhase;
			buildActionMask = 2147483647;
			files = (
			);
			runOnlyForDeploymentPostprocessing = 0;
		};
/* End PBXResourcesBuildPhase section */

/* Begin PBXSourcesBuildPhase section */
		8FD4FE82288C1C8E00B175B7 /* Sources */ = {
			isa = PBXSourcesBuildPhase;
			buildActionMask = 2147483647;
			files = (
				8FCE72BB288E36E300882FE9 /* HdResult.swift in Sources */,
				8FD4FE8C288C1C8E00B175B7 /* ContentView.swift in Sources */,
				8FCE72C32895717400882FE9 /* CameraModel.swift in Sources */,
				8FD4FE8A288C1C8E00B175B7 /* SeeFood_SwiftApp.swift in Sources */,
				8FCE72BF2895455800882FE9 /* CameraView.swift in Sources */,
				8FCE72C728960BA700882FE9 /* Inceptionv3.mlmodel in Sources */,
				8FD4FEB4288C1CC900B175B7 /* HotDogClassificationController.swift in Sources */,
				8FCE72C52895720C00882FE9 /* CameraService.swift in Sources */,
			);
			runOnlyForDeploymentPostprocessing = 0;
		};
		8FD4FE92288C1C8F00B175B7 /* Sources */ = {
			isa = PBXSourcesBuildPhase;
			buildActionMask = 2147483647;
			files = (
				8FD4FE9B288C1C8F00B175B7 /* SeeFood_SwiftTests.swift in Sources */,
			);
			runOnlyForDeploymentPostprocessing = 0;
		};
		8FD4FE9C288C1C8F00B175B7 /* Sources */ = {
			isa = PBXSourcesBuildPhase;
			buildActionMask = 2147483647;
			files = (
				8FD4FEA7288C1C8F00B175B7 /* SeeFood_SwiftUITestsLaunchTests.swift in Sources */,
				8FD4FEA5288C1C8F00B175B7 /* SeeFood_SwiftUITests.swift in Sources */,
			);
			runOnlyForDeploymentPostprocessing = 0;
		};
/* End PBXSourcesBuildPhase section */

/* Begin PBXTargetDependency section */
		8FD4FE98288C1C8F00B175B7 /* PBXTargetDependency */ = {
			isa = PBXTargetDependency;
			target = 8FD4FE85288C1C8E00B175B7 /* SeeFood-Swift */;
			targetProxy = 8FD4FE97288C1C8F00B175B7 /* PBXContainerItemProxy */;
		};
		8FD4FEA2288C1C8F00B175B7 /* PBXTargetDependency */ = {
			isa = PBXTargetDependency;
			target = 8FD4FE85288C1C8E00B175B7 /* SeeFood-Swift */;
			targetProxy = 8FD4FEA1288C1C8F00B175B7 /* PBXContainerItemProxy */;
		};
/* End PBXTargetDependency section */

/* Begin XCBuildConfiguration section */
		8FD4FEA8288C1C8F00B175B7 /* Debug */ = {
			isa = XCBuildConfiguration;
			buildSettings = {
				ALWAYS_SEARCH_USER_PATHS = NO;
				CLANG_ANALYZER_NONNULL = YES;
				CLANG_ANALYZER_NUMBER_OBJECT_CONVERSION = YES_AGGRESSIVE;
				CLANG_CXX_LANGUAGE_STANDARD = "gnu++17";
				CLANG_ENABLE_MODULES = YES;
				CLANG_ENABLE_OBJC_ARC = YES;
				CLANG_ENABLE_OBJC_WEAK = YES;
				CLANG_WARN_BLOCK_CAPTURE_AUTORELEASING = YES;
				CLANG_WARN_BOOL_CONVERSION = YES;
				CLANG_WARN_COMMA = YES;
				CLANG_WARN_CONSTANT_CONVERSION = YES;
				CLANG_WARN_DEPRECATED_OBJC_IMPLEMENTATIONS = YES;
				CLANG_WARN_DIRECT_OBJC_ISA_USAGE = YES_ERROR;
				CLANG_WARN_DOCUMENTATION_COMMENTS = YES;
				CLANG_WARN_EMPTY_BODY = YES;
				CLANG_WARN_ENUM_CONVERSION = YES;
				CLANG_WARN_INFINITE_RECURSION = YES;
				CLANG_WARN_INT_CONVERSION = YES;
				CLANG_WARN_NON_LITERAL_NULL_CONVERSION = YES;
				CLANG_WARN_OBJC_IMPLICIT_RETAIN_SELF = YES;
				CLANG_WARN_OBJC_LITERAL_CONVERSION = YES;
				CLANG_WARN_OBJC_ROOT_CLASS = YES_ERROR;
				CLANG_WARN_QUOTED_INCLUDE_IN_FRAMEWORK_HEADER = YES;
				CLANG_WARN_RANGE_LOOP_ANALYSIS = YES;
				CLANG_WARN_STRICT_PROTOTYPES = YES;
				CLANG_WARN_SUSPICIOUS_MOVE = YES;
				CLANG_WARN_UNGUARDED_AVAILABILITY = YES_AGGRESSIVE;
				CLANG_WARN_UNREACHABLE_CODE = YES;
				CLANG_WARN__DUPLICATE_METHOD_MATCH = YES;
				COPY_PHASE_STRIP = NO;
				DEBUG_INFORMATION_FORMAT = dwarf;
				ENABLE_STRICT_OBJC_MSGSEND = YES;
				ENABLE_TESTABILITY = YES;
				GCC_C_LANGUAGE_STANDARD = gnu11;
				GCC_DYNAMIC_NO_PIC = NO;
				GCC_NO_COMMON_BLOCKS = YES;
				GCC_OPTIMIZATION_LEVEL = 0;
				GCC_PREPROCESSOR_DEFINITIONS = (
					"DEBUG=1",
					"$(inherited)",
				);
				GCC_WARN_64_TO_32_BIT_CONVERSION = YES;
				GCC_WARN_ABOUT_RETURN_TYPE = YES_ERROR;
				GCC_WARN_UNDECLARED_SELECTOR = YES;
				GCC_WARN_UNINITIALIZED_AUTOS = YES_AGGRESSIVE;
				GCC_WARN_UNUSED_FUNCTION = YES;
				GCC_WARN_UNUSED_VARIABLE = YES;
				IPHONEOS_DEPLOYMENT_TARGET = 15.5;
				MTL_ENABLE_DEBUG_INFO = INCLUDE_SOURCE;
				MTL_FAST_MATH = YES;
				ONLY_ACTIVE_ARCH = YES;
				SDKROOT = iphoneos;
				SWIFT_ACTIVE_COMPILATION_CONDITIONS = DEBUG;
				SWIFT_OPTIMIZATION_LEVEL = "-Onone";
			};
			name = Debug;
		};
		8FD4FEA9288C1C8F00B175B7 /* Release */ = {
			isa = XCBuildConfiguration;
			buildSettings = {
				ALWAYS_SEARCH_USER_PATHS = NO;
				CLANG_ANALYZER_NONNULL = YES;
				CLANG_ANALYZER_NUMBER_OBJECT_CONVERSION = YES_AGGRESSIVE;
				CLANG_CXX_LANGUAGE_STANDARD = "gnu++17";
				CLANG_ENABLE_MODULES = YES;
				CLANG_ENABLE_OBJC_ARC = YES;
				CLANG_ENABLE_OBJC_WEAK = YES;
				CLANG_WARN_BLOCK_CAPTURE_AUTORELEASING = YES;
				CLANG_WARN_BOOL_CONVERSION = YES;
				CLANG_WARN_COMMA = YES;
				CLANG_WARN_CONSTANT_CONVERSION = YES;
				CLANG_WARN_DEPRECATED_OBJC_IMPLEMENTATIONS = YES;
				CLANG_WARN_DIRECT_OBJC_ISA_USAGE = YES_ERROR;
				CLANG_WARN_DOCUMENTATION_COMMENTS = YES;
				CLANG_WARN_EMPTY_BODY = YES;
				CLANG_WARN_ENUM_CONVERSION = YES;
				CLANG_WARN_INFINITE_RECURSION = YES;
				CLANG_WARN_INT_CONVERSION = YES;
				CLANG_WARN_NON_LITERAL_NULL_CONVERSION = YES;
				CLANG_WARN_OBJC_IMPLICIT_RETAIN_SELF = YES;
				CLANG_WARN_OBJC_LITERAL_CONVERSION = YES;
				CLANG_WARN_OBJC_ROOT_CLASS = YES_ERROR;
				CLANG_WARN_QUOTED_INCLUDE_IN_FRAMEWORK_HEADER = YES;
				CLANG_WARN_RANGE_LOOP_ANALYSIS = YES;
				CLANG_WARN_STRICT_PROTOTYPES = YES;
				CLANG_WARN_SUSPICIOUS_MOVE = YES;
				CLANG_WARN_UNGUARDED_AVAILABILITY = YES_AGGRESSIVE;
				CLANG_WARN_UNREACHABLE_CODE = YES;
				CLANG_WARN__DUPLICATE_METHOD_MATCH = YES;
				COPY_PHASE_STRIP = NO;
				DEBUG_INFORMATION_FORMAT = "dwarf-with-dsym";
				ENABLE_NS_ASSERTIONS = NO;
				ENABLE_STRICT_OBJC_MSGSEND = YES;
				GCC_C_LANGUAGE_STANDARD = gnu11;
				GCC_NO_COMMON_BLOCKS = YES;
				GCC_WARN_64_TO_32_BIT_CONVERSION = YES;
				GCC_WARN_ABOUT_RETURN_TYPE = YES_ERROR;
				GCC_WARN_UNDECLARED_SELECTOR = YES;
				GCC_WARN_UNINITIALIZED_AUTOS = YES_AGGRESSIVE;
				GCC_WARN_UNUSED_FUNCTION = YES;
				GCC_WARN_UNUSED_VARIABLE = YES;
				IPHONEOS_DEPLOYMENT_TARGET = 15.5;
				MTL_ENABLE_DEBUG_INFO = NO;
				MTL_FAST_MATH = YES;
				SDKROOT = iphoneos;
				SWIFT_COMPILATION_MODE = wholemodule;
				SWIFT_OPTIMIZATION_LEVEL = "-O";
				VALIDATE_PRODUCT = YES;
			};
			name = Release;
		};
		8FD4FEAB288C1C8F00B175B7 /* Debug */ = {
			isa = XCBuildConfiguration;
			buildSettings = {
				ASSETCATALOG_COMPILER_APPICON_NAME = AppIcon;
				ASSETCATALOG_COMPILER_GLOBAL_ACCENT_COLOR_NAME = AccentColor;
				CODE_SIGN_STYLE = Automatic;
				CURRENT_PROJECT_VERSION = 1;
				DEVELOPMENT_ASSET_PATHS = "\"SeeFood-Swift/Preview Content\"";
				DEVELOPMENT_TEAM = U2WMWLPG35;
				ENABLE_PREVIEWS = YES;
				GENERATE_INFOPLIST_FILE = YES;
				INFOPLIST_KEY_UIApplicationSceneManifest_Generation = YES;
				INFOPLIST_KEY_UIApplicationSupportsIndirectInputEvents = YES;
				INFOPLIST_KEY_UILaunchScreen_Generation = YES;
				INFOPLIST_KEY_UISupportedInterfaceOrientations_iPad = "UIInterfaceOrientationPortrait UIInterfaceOrientationPortraitUpsideDown UIInterfaceOrientationLandscapeLeft UIInterfaceOrientationLandscapeRight";
				INFOPLIST_KEY_UISupportedInterfaceOrientations_iPhone = "UIInterfaceOrientationPortrait UIInterfaceOrientationLandscapeLeft UIInterfaceOrientationLandscapeRight";
				LD_RUNPATH_SEARCH_PATHS = (
					"$(inherited)",
					"@executable_path/Frameworks",
				);
				MARKETING_VERSION = 1.0;
				PRODUCT_BUNDLE_IDENTIFIER = "com.corycarte.SeeFood-Swift";
				PRODUCT_NAME = "$(TARGET_NAME)";
				SWIFT_EMIT_LOC_STRINGS = YES;
				SWIFT_VERSION = 5.0;
				TARGETED_DEVICE_FAMILY = "1,2";
			};
			name = Debug;
		};
		8FD4FEAC288C1C8F00B175B7 /* Release */ = {
			isa = XCBuildConfiguration;
			buildSettings = {
				ASSETCATALOG_COMPILER_APPICON_NAME = AppIcon;
				ASSETCATALOG_COMPILER_GLOBAL_ACCENT_COLOR_NAME = AccentColor;
				CODE_SIGN_STYLE = Automatic;
				CURRENT_PROJECT_VERSION = 1;
				DEVELOPMENT_ASSET_PATHS = "\"SeeFood-Swift/Preview Content\"";
				DEVELOPMENT_TEAM = U2WMWLPG35;
				ENABLE_PREVIEWS = YES;
				GENERATE_INFOPLIST_FILE = YES;
				INFOPLIST_KEY_UIApplicationSceneManifest_Generation = YES;
				INFOPLIST_KEY_UIApplicationSupportsIndirectInputEvents = YES;
				INFOPLIST_KEY_UILaunchScreen_Generation = YES;
				INFOPLIST_KEY_UISupportedInterfaceOrientations_iPad = "UIInterfaceOrientationPortrait UIInterfaceOrientationPortraitUpsideDown UIInterfaceOrientationLandscapeLeft UIInterfaceOrientationLandscapeRight";
				INFOPLIST_KEY_UISupportedInterfaceOrientations_iPhone = "UIInterfaceOrientationPortrait UIInterfaceOrientationLandscapeLeft UIInterfaceOrientationLandscapeRight";
				LD_RUNPATH_SEARCH_PATHS = (
					"$(inherited)",
					"@executable_path/Frameworks",
				);
				MARKETING_VERSION = 1.0;
				PRODUCT_BUNDLE_IDENTIFIER = "com.corycarte.SeeFood-Swift";
				PRODUCT_NAME = "$(TARGET_NAME)";
				SWIFT_EMIT_LOC_STRINGS = YES;
				SWIFT_VERSION = 5.0;
				TARGETED_DEVICE_FAMILY = "1,2";
			};
			name = Release;
		};
		8FD4FEAE288C1C8F00B175B7 /* Debug */ = {
			isa = XCBuildConfiguration;
			buildSettings = {
				ALWAYS_EMBED_SWIFT_STANDARD_LIBRARIES = YES;
				BUNDLE_LOADER = "$(TEST_HOST)";
				CODE_SIGN_STYLE = Automatic;
				CURRENT_PROJECT_VERSION = 1;
				DEVELOPMENT_TEAM = U2WMWLPG35;
				GENERATE_INFOPLIST_FILE = YES;
				IPHONEOS_DEPLOYMENT_TARGET = 15.5;
				MARKETING_VERSION = 1.0;
				PRODUCT_BUNDLE_IDENTIFIER = "com.corycarte.SeeFood-SwiftTests";
				PRODUCT_NAME = "$(TARGET_NAME)";
				SWIFT_EMIT_LOC_STRINGS = NO;
				SWIFT_VERSION = 5.0;
				TARGETED_DEVICE_FAMILY = "1,2";
				TEST_HOST = "$(BUILT_PRODUCTS_DIR)/SeeFood-Swift.app/SeeFood-Swift";
			};
			name = Debug;
		};
		8FD4FEAF288C1C8F00B175B7 /* Release */ = {
			isa = XCBuildConfiguration;
			buildSettings = {
				ALWAYS_EMBED_SWIFT_STANDARD_LIBRARIES = YES;
				BUNDLE_LOADER = "$(TEST_HOST)";
				CODE_SIGN_STYLE = Automatic;
				CURRENT_PROJECT_VERSION = 1;
				DEVELOPMENT_TEAM = U2WMWLPG35;
				GENERATE_INFOPLIST_FILE = YES;
				IPHONEOS_DEPLOYMENT_TARGET = 15.5;
				MARKETING_VERSION = 1.0;
				PRODUCT_BUNDLE_IDENTIFIER = "com.corycarte.SeeFood-SwiftTests";
				PRODUCT_NAME = "$(TARGET_NAME)";
				SWIFT_EMIT_LOC_STRINGS = NO;
				SWIFT_VERSION = 5.0;
				TARGETED_DEVICE_FAMILY = "1,2";
				TEST_HOST = "$(BUILT_PRODUCTS_DIR)/SeeFood-Swift.app/SeeFood-Swift";
			};
			name = Release;
		};
		8FD4FEB1288C1C8F00B175B7 /* Debug */ = {
			isa = XCBuildConfiguration;
			buildSettings = {
				ALWAYS_EMBED_SWIFT_STANDARD_LIBRARIES = YES;
				CODE_SIGN_STYLE = Automatic;
				CURRENT_PROJECT_VERSION = 1;
				DEVELOPMENT_TEAM = U2WMWLPG35;
				GENERATE_INFOPLIST_FILE = YES;
				MARKETING_VERSION = 1.0;
				PRODUCT_BUNDLE_IDENTIFIER = "com.corycarte.SeeFood-SwiftUITests";
				PRODUCT_NAME = "$(TARGET_NAME)";
				SWIFT_EMIT_LOC_STRINGS = NO;
				SWIFT_VERSION = 5.0;
				TARGETED_DEVICE_FAMILY = "1,2";
				TEST_TARGET_NAME = "SeeFood-Swift";
			};
			name = Debug;
		};
		8FD4FEB2288C1C8F00B175B7 /* Release */ = {
			isa = XCBuildConfiguration;
			buildSettings = {
				ALWAYS_EMBED_SWIFT_STANDARD_LIBRARIES = YES;
				CODE_SIGN_STYLE = Automatic;
				CURRENT_PROJECT_VERSION = 1;
				DEVELOPMENT_TEAM = U2WMWLPG35;
				GENERATE_INFOPLIST_FILE = YES;
				MARKETING_VERSION = 1.0;
				PRODUCT_BUNDLE_IDENTIFIER = "com.corycarte.SeeFood-SwiftUITests";
				PRODUCT_NAME = "$(TARGET_NAME)";
				SWIFT_EMIT_LOC_STRINGS = NO;
				SWIFT_VERSION = 5.0;
				TARGETED_DEVICE_FAMILY = "1,2";
				TEST_TARGET_NAME = "SeeFood-Swift";
			};
			name = Release;
		};
/* End XCBuildConfiguration section */

/* Begin XCConfigurationList section */
		8FD4FE81288C1C8E00B175B7 /* Build configuration list for PBXProject "SeeFood-Swift" */ = {
			isa = XCConfigurationList;
			buildConfigurations = (
				8FD4FEA8288C1C8F00B175B7 /* Debug */,
				8FD4FEA9288C1C8F00B175B7 /* Release */,
			);
			defaultConfigurationIsVisible = 0;
			defaultConfigurationName = Release;
		};
		8FD4FEAA288C1C8F00B175B7 /* Build configuration list for PBXNativeTarget "SeeFood-Swift" */ = {
			isa = XCConfigurationList;
			buildConfigurations = (
				8FD4FEAB288C1C8F00B175B7 /* Debug */,
				8FD4FEAC288C1C8F00B175B7 /* Release */,
			);
			defaultConfigurationIsVisible = 0;
			defaultConfigurationName = Release;
		};
		8FD4FEAD288C1C8F00B175B7 /* Build configuration list for PBXNativeTarget "SeeFood-SwiftTests" */ = {
			isa = XCConfigurationList;
			buildConfigurations = (
				8FD4FEAE288C1C8F00B175B7 /* Debug */,
				8FD4FEAF288C1C8F00B175B7 /* Release */,
			);
			defaultConfigurationIsVisible = 0;
			defaultConfigurationName = Release;
		};
		8FD4FEB0288C1C8F00B175B7 /* Build configuration list for PBXNativeTarget "SeeFood-SwiftUITests" */ = {
			isa = XCConfigurationList;
			buildConfigurations = (
				8FD4FEB1288C1C8F00B175B7 /* Debug */,
				8FD4FEB2288C1C8F00B175B7 /* Release */,
			);
			defaultConfigurationIsVisible = 0;
			defaultConfigurationName = Release;
		};
/* End XCConfigurationList section */
	};
	rootObject = 8FD4FE7E288C1C8E00B175B7 /* Project object */;
}
